
Microsoft Visual Studio Solution File, Format Version 12.00
# Visual Studio Version 16
VisualStudioVersion = 16.0.30717.126
MinimumVisualStudioVersion = 10.0.40219.1
Project("{2150E333-8FDC-42A3-9474-1A3956D46DE8}") = "TL_Realization", "TL_Realization", "{89CCA875-00B4-4617-8BAA-E3C2406136E8}"
EndProject
Project("{9A19103F-16F7-4668-BE54-9A1E7A4F7556}") = "TL_Objects", "TLObjects\TL_Objects.csproj", "{850E8208-E369-4F93-8A80-8227C5605A6E}"
EndProject
Project("{9A19103F-16F7-4668-BE54-9A1E7A4F7556}") = "TL_Tables", "TL_Tables\TL_Tables.csproj", "{EC150EB1-22A9-4180-8CE0-663EF722411B}"
EndProject
Project("{2150E333-8FDC-42A3-9474-1A3956D46DE8}") = "SQL_authentication", "SQL_authentication", "{9F877BDD-8567-45D6-9402-1DF6C1C9E7EA}"
EndProject
Project("{FAE04EC0-301F-11D3-BF4B-00C04F79EFBC}") = "BO_Films", "BO_Films\BO_Films.csproj", "{761496B9-0D95-44D7-BE39-C30C0AECED4E}"
EndProject
Project("{FAE04EC0-301F-11D3-BF4B-00C04F79EFBC}") = "BL_Films", "BL_Films\BL_Films.csproj", "{CD17BDA4-6ACA-49BD-8188-59DF8B0BAD85}"
EndProject
Project("{FAE04EC0-301F-11D3-BF4B-00C04F79EFBC}") = "DAL_Films", "DAL_Films\DAL_Films.csproj", "{60D4F3AB-B1CD-490B-89C7-8AD6005F7CAC}"
EndProject
Project("{FAE04EC0-301F-11D3-BF4B-00C04F79EFBC}") = "WpfApp", "WpfApp\WpfApp.csproj", "{F50EE73B-55F1-4C37-BDD2-11ECCABC1C15}"
EndProject
Project("{FAE04EC0-301F-11D3-BF4B-00C04F79EFBC}") = "MobileApp.Android", "MobileApp\MobileApp.Android\MobileApp.Android.csproj", "{ACEF15C8-0661-47EA-88A2-60A5FCF461ED}"
EndProject
Project("{FAE04EC0-301F-11D3-BF4B-00C04F79EFBC}") = "MobileApp.iOS", "MobileApp\MobileApp.iOS\MobileApp.iOS.csproj", "{1E248F2E-96BA-4413-A542-EAA87F54B098}"
EndProject
Project("{9A19103F-16F7-4668-BE54-9A1E7A4F7556}") = "MobileApp", "MobileApp\MobileApp\MobileApp.csproj", "{A0A229A1-C9E2-45F5-AF99-EECFF0EFD853}"
EndProject
Project("{2150E333-8FDC-42A3-9474-1A3956D46DE8}") = "Mobile", "Mobile", "{A2277D4F-BE1C-4072-B9C6-B3F688CAF8E3}"
EndProject
Project("{2150E333-8FDC-42A3-9474-1A3956D46DE8}") = "FilmsUC", "FilmsUC", "{2D7DD6BC-8408-4E4A-B16A-0E386A5D2C66}"
EndProject
Project("{FAE04EC0-301F-11D3-BF4B-00C04F79EFBC}") = "FilmsUCWpf", "FilmsUCWpf\FilmsUCWpf.csproj", "{72F34E44-53A4-42B9-B0CE-EEE673CCD06E}"
EndProject
Project("{FAE04EC0-301F-11D3-BF4B-00C04F79EFBC}") = "CustomButtons", "CustomButtons\CustomButtons.csproj", "{DB9A63CA-2850-4E8D-978F-9313BE50E4FC}"
EndProject
Project("{FAE04EC0-301F-11D3-BF4B-00C04F79EFBC}") = "LauncherFDBC", "LauncherFDBC\LauncherFDBC.csproj", "{04094724-268A-4523-8B42-58E4618429CC}"
EndProject
Project("{2150E333-8FDC-42A3-9474-1A3956D46DE8}") = "Launcher", "Launcher", "{EAB040D3-881E-459E-A97D-8D10B899FD7F}"
EndProject
Project("{FAE04EC0-301F-11D3-BF4B-00C04F79EFBC}") = "BO_Launcher", "BO_Launcher\BO_Launcher.csproj", "{B38F2B72-7684-4567-A0A7-161934539CC5}"
EndProject
Project("{FAE04EC0-301F-11D3-BF4B-00C04F79EFBC}") = "BL_Launcher", "BL_Launcher\BL_Launcher.csproj", "{5AAB946D-0B25-4CCE-9800-10B6EE6BF39A}"
EndProject
Project("{FAE04EC0-301F-11D3-BF4B-00C04F79EFBC}") = "DAL_Launcher", "DAL_Launcher\DAL_Launcher.csproj", "{948E8502-C0A5-46B5-A79A-34189593B8F7}"
EndProject
Project("{FAE04EC0-301F-11D3-BF4B-00C04F79EFBC}") = "UpdaterManager", "UpdaterManager\UpdaterManager.csproj", "{7D427226-394A-4454-BCED-24DBC73785EB}"
EndProject
Project("{FAE04EC0-301F-11D3-BF4B-00C04F79EFBC}") = "LauncherUpdater", "LauncherUpdater\LauncherUpdater.csproj", "{C0580BBC-58D9-4AB4-99AC-7952065CE027}"
EndProject
Project("{9A19103F-16F7-4668-BE54-9A1E7A4F7556}") = "ProfilesConfig", "ProfilesConfig\ProfilesConfig.csproj", "{88CA77F1-88E7-468E-80A5-B77138F78894}"
EndProject
Global
	GlobalSection(SolutionConfigurationPlatforms) = preSolution
		Debug|Any CPU = Debug|Any CPU
		Debug|iPhone = Debug|iPhone
		Debug|iPhoneSimulator = Debug|iPhoneSimulator
		Release|Any CPU = Release|Any CPU
		Release|iPhone = Release|iPhone
		Release|iPhoneSimulator = Release|iPhoneSimulator
	EndGlobalSection
	GlobalSection(ProjectConfigurationPlatforms) = postSolution
		{850E8208-E369-4F93-8A80-8227C5605A6E}.Debug|Any CPU.ActiveCfg = Debug|Any CPU
		{850E8208-E369-4F93-8A80-8227C5605A6E}.Debug|Any CPU.Build.0 = Debug|Any CPU
		{850E8208-E369-4F93-8A80-8227C5605A6E}.Debug|iPhone.ActiveCfg = Debug|Any CPU
		{850E8208-E369-4F93-8A80-8227C5605A6E}.Debug|iPhone.Build.0 = Debug|Any CPU
		{850E8208-E369-4F93-8A80-8227C5605A6E}.Debug|iPhoneSimulator.ActiveCfg = Debug|Any CPU
		{850E8208-E369-4F93-8A80-8227C5605A6E}.Debug|iPhoneSimulator.Build.0 = Debug|Any CPU
		{850E8208-E369-4F93-8A80-8227C5605A6E}.Release|Any CPU.ActiveCfg = Release|Any CPU
		{850E8208-E369-4F93-8A80-8227C5605A6E}.Release|Any CPU.Build.0 = Release|Any CPU
		{850E8208-E369-4F93-8A80-8227C5605A6E}.Release|iPhone.ActiveCfg = Release|Any CPU
		{850E8208-E369-4F93-8A80-8227C5605A6E}.Release|iPhone.Build.0 = Release|Any CPU
		{850E8208-E369-4F93-8A80-8227C5605A6E}.Release|iPhoneSimulator.ActiveCfg = Release|Any CPU
		{850E8208-E369-4F93-8A80-8227C5605A6E}.Release|iPhoneSimulator.Build.0 = Release|Any CPU
		{EC150EB1-22A9-4180-8CE0-663EF722411B}.Debug|Any CPU.ActiveCfg = Debug|Any CPU
		{EC150EB1-22A9-4180-8CE0-663EF722411B}.Debug|Any CPU.Build.0 = Debug|Any CPU
		{EC150EB1-22A9-4180-8CE0-663EF722411B}.Debug|iPhone.ActiveCfg = Debug|Any CPU
		{EC150EB1-22A9-4180-8CE0-663EF722411B}.Debug|iPhone.Build.0 = Debug|Any CPU
		{EC150EB1-22A9-4180-8CE0-663EF722411B}.Debug|iPhoneSimulator.ActiveCfg = Debug|Any CPU
		{EC150EB1-22A9-4180-8CE0-663EF722411B}.Debug|iPhoneSimulator.Build.0 = Debug|Any CPU
		{EC150EB1-22A9-4180-8CE0-663EF722411B}.Release|Any CPU.ActiveCfg = Release|Any CPU
		{EC150EB1-22A9-4180-8CE0-663EF722411B}.Release|Any CPU.Build.0 = Release|Any CPU
		{EC150EB1-22A9-4180-8CE0-663EF722411B}.Release|iPhone.ActiveCfg = Release|Any CPU
		{EC150EB1-22A9-4180-8CE0-663EF722411B}.Release|iPhone.Build.0 = Release|Any CPU
		{EC150EB1-22A9-4180-8CE0-663EF722411B}.Release|iPhoneSimulator.ActiveCfg = Release|Any CPU
		{EC150EB1-22A9-4180-8CE0-663EF722411B}.Release|iPhoneSimulator.Build.0 = Release|Any CPU
		{761496B9-0D95-44D7-BE39-C30C0AECED4E}.Debug|Any CPU.ActiveCfg = Debug|Any CPU
		{761496B9-0D95-44D7-BE39-C30C0AECED4E}.Debug|Any CPU.Build.0 = Debug|Any CPU
		{761496B9-0D95-44D7-BE39-C30C0AECED4E}.Debug|iPhone.ActiveCfg = Debug|Any CPU
		{761496B9-0D95-44D7-BE39-C30C0AECED4E}.Debug|iPhone.Build.0 = Debug|Any CPU
		{761496B9-0D95-44D7-BE39-C30C0AECED4E}.Debug|iPhoneSimulator.ActiveCfg = Debug|Any CPU
		{761496B9-0D95-44D7-BE39-C30C0AECED4E}.Debug|iPhoneSimulator.Build.0 = Debug|Any CPU
		{761496B9-0D95-44D7-BE39-C30C0AECED4E}.Release|Any CPU.ActiveCfg = Release|Any CPU
		{761496B9-0D95-44D7-BE39-C30C0AECED4E}.Release|Any CPU.Build.0 = Release|Any CPU
		{761496B9-0D95-44D7-BE39-C30C0AECED4E}.Release|iPhone.ActiveCfg = Release|Any CPU
		{761496B9-0D95-44D7-BE39-C30C0AECED4E}.Release|iPhone.Build.0 = Release|Any CPU
		{761496B9-0D95-44D7-BE39-C30C0AECED4E}.Release|iPhoneSimulator.ActiveCfg = Release|Any CPU
		{761496B9-0D95-44D7-BE39-C30C0AECED4E}.Release|iPhoneSimulator.Build.0 = Release|Any CPU
		{CD17BDA4-6ACA-49BD-8188-59DF8B0BAD85}.Debug|Any CPU.ActiveCfg = Debug|Any CPU
		{CD17BDA4-6ACA-49BD-8188-59DF8B0BAD85}.Debug|Any CPU.Build.0 = Debug|Any CPU
		{CD17BDA4-6ACA-49BD-8188-59DF8B0BAD85}.Debug|iPhone.ActiveCfg = Debug|Any CPU
		{CD17BDA4-6ACA-49BD-8188-59DF8B0BAD85}.Debug|iPhone.Build.0 = Debug|Any CPU
		{CD17BDA4-6ACA-49BD-8188-59DF8B0BAD85}.Debug|iPhoneSimulator.ActiveCfg = Debug|Any CPU
		{CD17BDA4-6ACA-49BD-8188-59DF8B0BAD85}.Debug|iPhoneSimulator.Build.0 = Debug|Any CPU
		{CD17BDA4-6ACA-49BD-8188-59DF8B0BAD85}.Release|Any CPU.ActiveCfg = Release|Any CPU
		{CD17BDA4-6ACA-49BD-8188-59DF8B0BAD85}.Release|Any CPU.Build.0 = Release|Any CPU
		{CD17BDA4-6ACA-49BD-8188-59DF8B0BAD85}.Release|iPhone.ActiveCfg = Release|Any CPU
		{CD17BDA4-6ACA-49BD-8188-59DF8B0BAD85}.Release|iPhone.Build.0 = Release|Any CPU
		{CD17BDA4-6ACA-49BD-8188-59DF8B0BAD85}.Release|iPhoneSimulator.ActiveCfg = Release|Any CPU
		{CD17BDA4-6ACA-49BD-8188-59DF8B0BAD85}.Release|iPhoneSimulator.Build.0 = Release|Any CPU
		{60D4F3AB-B1CD-490B-89C7-8AD6005F7CAC}.Debug|Any CPU.ActiveCfg = Debug|Any CPU
		{60D4F3AB-B1CD-490B-89C7-8AD6005F7CAC}.Debug|Any CPU.Build.0 = Debug|Any CPU
		{60D4F3AB-B1CD-490B-89C7-8AD6005F7CAC}.Debug|iPhone.ActiveCfg = Debug|Any CPU
		{60D4F3AB-B1CD-490B-89C7-8AD6005F7CAC}.Debug|iPhone.Build.0 = Debug|Any CPU
		{60D4F3AB-B1CD-490B-89C7-8AD6005F7CAC}.Debug|iPhoneSimulator.ActiveCfg = Debug|Any CPU
		{60D4F3AB-B1CD-490B-89C7-8AD6005F7CAC}.Debug|iPhoneSimulator.Build.0 = Debug|Any CPU
		{60D4F3AB-B1CD-490B-89C7-8AD6005F7CAC}.Release|Any CPU.ActiveCfg = Release|Any CPU
		{60D4F3AB-B1CD-490B-89C7-8AD6005F7CAC}.Release|Any CPU.Build.0 = Release|Any CPU
		{60D4F3AB-B1CD-490B-89C7-8AD6005F7CAC}.Release|iPhone.ActiveCfg = Release|Any CPU
		{60D4F3AB-B1CD-490B-89C7-8AD6005F7CAC}.Release|iPhone.Build.0 = Release|Any CPU
		{60D4F3AB-B1CD-490B-89C7-8AD6005F7CAC}.Release|iPhoneSimulator.ActiveCfg = Release|Any CPU
		{60D4F3AB-B1CD-490B-89C7-8AD6005F7CAC}.Release|iPhoneSimulator.Build.0 = Release|Any CPU
		{F50EE73B-55F1-4C37-BDD2-11ECCABC1C15}.Debug|Any CPU.ActiveCfg = Debug|Any CPU
		{F50EE73B-55F1-4C37-BDD2-11ECCABC1C15}.Debug|Any CPU.Build.0 = Debug|Any CPU
		{F50EE73B-55F1-4C37-BDD2-11ECCABC1C15}.Debug|iPhone.ActiveCfg = Debug|Any CPU
		{F50EE73B-55F1-4C37-BDD2-11ECCABC1C15}.Debug|iPhone.Build.0 = Debug|Any CPU
		{F50EE73B-55F1-4C37-BDD2-11ECCABC1C15}.Debug|iPhoneSimulator.ActiveCfg = Debug|Any CPU
		{F50EE73B-55F1-4C37-BDD2-11ECCABC1C15}.Debug|iPhoneSimulator.Build.0 = Debug|Any CPU
		{F50EE73B-55F1-4C37-BDD2-11ECCABC1C15}.Release|Any CPU.ActiveCfg = Release|Any CPU
		{F50EE73B-55F1-4C37-BDD2-11ECCABC1C15}.Release|Any CPU.Build.0 = Release|Any CPU
		{F50EE73B-55F1-4C37-BDD2-11ECCABC1C15}.Release|iPhone.ActiveCfg = Release|Any CPU
		{F50EE73B-55F1-4C37-BDD2-11ECCABC1C15}.Release|iPhone.Build.0 = Release|Any CPU
		{F50EE73B-55F1-4C37-BDD2-11ECCABC1C15}.Release|iPhoneSimulator.ActiveCfg = Release|Any CPU
		{F50EE73B-55F1-4C37-BDD2-11ECCABC1C15}.Release|iPhoneSimulator.Build.0 = Release|Any CPU
		{ACEF15C8-0661-47EA-88A2-60A5FCF461ED}.Debug|Any CPU.ActiveCfg = Debug|Any CPU
		{ACEF15C8-0661-47EA-88A2-60A5FCF461ED}.Debug|Any CPU.Build.0 = Debug|Any CPU
		{ACEF15C8-0661-47EA-88A2-60A5FCF461ED}.Debug|Any CPU.Deploy.0 = Debug|Any CPU
		{ACEF15C8-0661-47EA-88A2-60A5FCF461ED}.Debug|iPhone.ActiveCfg = Debug|Any CPU
		{ACEF15C8-0661-47EA-88A2-60A5FCF461ED}.Debug|iPhone.Build.0 = Debug|Any CPU
		{ACEF15C8-0661-47EA-88A2-60A5FCF461ED}.Debug|iPhone.Deploy.0 = Debug|Any CPU
		{ACEF15C8-0661-47EA-88A2-60A5FCF461ED}.Debug|iPhoneSimulator.ActiveCfg = Debug|Any CPU
		{ACEF15C8-0661-47EA-88A2-60A5FCF461ED}.Debug|iPhoneSimulator.Build.0 = Debug|Any CPU
		{ACEF15C8-0661-47EA-88A2-60A5FCF461ED}.Debug|iPhoneSimulator.Deploy.0 = Debug|Any CPU
		{ACEF15C8-0661-47EA-88A2-60A5FCF461ED}.Release|Any CPU.ActiveCfg = Release|Any CPU
		{ACEF15C8-0661-47EA-88A2-60A5FCF461ED}.Release|Any CPU.Build.0 = Release|Any CPU
		{ACEF15C8-0661-47EA-88A2-60A5FCF461ED}.Release|Any CPU.Deploy.0 = Release|Any CPU
		{ACEF15C8-0661-47EA-88A2-60A5FCF461ED}.Release|iPhone.ActiveCfg = Release|Any CPU
		{ACEF15C8-0661-47EA-88A2-60A5FCF461ED}.Release|iPhone.Build.0 = Release|Any CPU
		{ACEF15C8-0661-47EA-88A2-60A5FCF461ED}.Release|iPhone.Deploy.0 = Release|Any CPU
		{ACEF15C8-0661-47EA-88A2-60A5FCF461ED}.Release|iPhoneSimulator.ActiveCfg = Release|Any CPU
		{ACEF15C8-0661-47EA-88A2-60A5FCF461ED}.Release|iPhoneSimulator.Build.0 = Release|Any CPU
		{ACEF15C8-0661-47EA-88A2-60A5FCF461ED}.Release|iPhoneSimulator.Deploy.0 = Release|Any CPU
		{1E248F2E-96BA-4413-A542-EAA87F54B098}.Debug|Any CPU.ActiveCfg = Debug|iPhoneSimulator
		{1E248F2E-96BA-4413-A542-EAA87F54B098}.Debug|iPhone.ActiveCfg = Debug|iPhone
		{1E248F2E-96BA-4413-A542-EAA87F54B098}.Debug|iPhone.Build.0 = Debug|iPhone
		{1E248F2E-96BA-4413-A542-EAA87F54B098}.Debug|iPhoneSimulator.ActiveCfg = Debug|iPhoneSimulator
		{1E248F2E-96BA-4413-A542-EAA87F54B098}.Debug|iPhoneSimulator.Build.0 = Debug|iPhoneSimulator
		{1E248F2E-96BA-4413-A542-EAA87F54B098}.Release|Any CPU.ActiveCfg = Release|iPhoneSimulator
		{1E248F2E-96BA-4413-A542-EAA87F54B098}.Release|iPhone.ActiveCfg = Release|iPhone
		{1E248F2E-96BA-4413-A542-EAA87F54B098}.Release|iPhone.Build.0 = Release|iPhone
		{1E248F2E-96BA-4413-A542-EAA87F54B098}.Release|iPhoneSimulator.ActiveCfg = Release|iPhoneSimulator
		{1E248F2E-96BA-4413-A542-EAA87F54B098}.Release|iPhoneSimulator.Build.0 = Release|iPhoneSimulator
		{A0A229A1-C9E2-45F5-AF99-EECFF0EFD853}.Debug|Any CPU.ActiveCfg = Debug|Any CPU
		{A0A229A1-C9E2-45F5-AF99-EECFF0EFD853}.Debug|Any CPU.Build.0 = Debug|Any CPU
		{A0A229A1-C9E2-45F5-AF99-EECFF0EFD853}.Debug|iPhone.ActiveCfg = Debug|Any CPU
		{A0A229A1-C9E2-45F5-AF99-EECFF0EFD853}.Debug|iPhone.Build.0 = Debug|Any CPU
		{A0A229A1-C9E2-45F5-AF99-EECFF0EFD853}.Debug|iPhoneSimulator.ActiveCfg = Debug|Any CPU
		{A0A229A1-C9E2-45F5-AF99-EECFF0EFD853}.Debug|iPhoneSimulator.Build.0 = Debug|Any CPU
		{A0A229A1-C9E2-45F5-AF99-EECFF0EFD853}.Release|Any CPU.ActiveCfg = Release|Any CPU
		{A0A229A1-C9E2-45F5-AF99-EECFF0EFD853}.Release|Any CPU.Build.0 = Release|Any CPU
		{A0A229A1-C9E2-45F5-AF99-EECFF0EFD853}.Release|iPhone.ActiveCfg = Release|Any CPU
		{A0A229A1-C9E2-45F5-AF99-EECFF0EFD853}.Release|iPhone.Build.0 = Release|Any CPU
		{A0A229A1-C9E2-45F5-AF99-EECFF0EFD853}.Release|iPhoneSimulator.ActiveCfg = Release|Any CPU
		{A0A229A1-C9E2-45F5-AF99-EECFF0EFD853}.Release|iPhoneSimulator.Build.0 = Release|Any CPU
		{72F34E44-53A4-42B9-B0CE-EEE673CCD06E}.Debug|Any CPU.ActiveCfg = Debug|Any CPU
		{72F34E44-53A4-42B9-B0CE-EEE673CCD06E}.Debug|Any CPU.Build.0 = Debug|Any CPU
		{72F34E44-53A4-42B9-B0CE-EEE673CCD06E}.Debug|iPhone.ActiveCfg = Debug|Any CPU
		{72F34E44-53A4-42B9-B0CE-EEE673CCD06E}.Debug|iPhone.Build.0 = Debug|Any CPU
		{72F34E44-53A4-42B9-B0CE-EEE673CCD06E}.Debug|iPhoneSimulator.ActiveCfg = Debug|Any CPU
		{72F34E44-53A4-42B9-B0CE-EEE673CCD06E}.Debug|iPhoneSimulator.Build.0 = Debug|Any CPU
		{72F34E44-53A4-42B9-B0CE-EEE673CCD06E}.Release|Any CPU.ActiveCfg = Release|Any CPU
		{72F34E44-53A4-42B9-B0CE-EEE673CCD06E}.Release|Any CPU.Build.0 = Release|Any CPU
		{72F34E44-53A4-42B9-B0CE-EEE673CCD06E}.Release|iPhone.ActiveCfg = Release|Any CPU
		{72F34E44-53A4-42B9-B0CE-EEE673CCD06E}.Release|iPhone.Build.0 = Release|Any CPU
		{72F34E44-53A4-42B9-B0CE-EEE673CCD06E}.Release|iPhoneSimulator.ActiveCfg = Release|Any CPU
		{72F34E44-53A4-42B9-B0CE-EEE673CCD06E}.Release|iPhoneSimulator.Build.0 = Release|Any CPU
		{DB9A63CA-2850-4E8D-978F-9313BE50E4FC}.Debug|Any CPU.ActiveCfg = Debug|Any CPU
		{DB9A63CA-2850-4E8D-978F-9313BE50E4FC}.Debug|Any CPU.Build.0 = Debug|Any CPU
		{DB9A63CA-2850-4E8D-978F-9313BE50E4FC}.Debug|iPhone.ActiveCfg = Debug|Any CPU
		{DB9A63CA-2850-4E8D-978F-9313BE50E4FC}.Debug|iPhone.Build.0 = Debug|Any CPU
		{DB9A63CA-2850-4E8D-978F-9313BE50E4FC}.Debug|iPhoneSimulator.ActiveCfg = Debug|Any CPU
		{DB9A63CA-2850-4E8D-978F-9313BE50E4FC}.Debug|iPhoneSimulator.Build.0 = Debug|Any CPU
		{DB9A63CA-2850-4E8D-978F-9313BE50E4FC}.Release|Any CPU.ActiveCfg = Release|Any CPU
		{DB9A63CA-2850-4E8D-978F-9313BE50E4FC}.Release|Any CPU.Build.0 = Release|Any CPU
		{DB9A63CA-2850-4E8D-978F-9313BE50E4FC}.Release|iPhone.ActiveCfg = Release|Any CPU
		{DB9A63CA-2850-4E8D-978F-9313BE50E4FC}.Release|iPhone.Build.0 = Release|Any CPU
		{DB9A63CA-2850-4E8D-978F-9313BE50E4FC}.Release|iPhoneSimulator.ActiveCfg = Release|Any CPU
		{DB9A63CA-2850-4E8D-978F-9313BE50E4FC}.Release|iPhoneSimulator.Build.0 = Release|Any CPU
		{04094724-268A-4523-8B42-58E4618429CC}.Debug|Any CPU.ActiveCfg = Debug|Any CPU
		{04094724-268A-4523-8B42-58E4618429CC}.Debug|Any CPU.Build.0 = Debug|Any CPU
		{04094724-268A-4523-8B42-58E4618429CC}.Debug|iPhone.ActiveCfg = Debug|Any CPU
		{04094724-268A-4523-8B42-58E4618429CC}.Debug|iPhone.Build.0 = Debug|Any CPU
		{04094724-268A-4523-8B42-58E4618429CC}.Debug|iPhoneSimulator.ActiveCfg = Debug|Any CPU
		{04094724-268A-4523-8B42-58E4618429CC}.Debug|iPhoneSimulator.Build.0 = Debug|Any CPU
		{04094724-268A-4523-8B42-58E4618429CC}.Release|Any CPU.ActiveCfg = Release|Any CPU
		{04094724-268A-4523-8B42-58E4618429CC}.Release|Any CPU.Build.0 = Release|Any CPU
		{04094724-268A-4523-8B42-58E4618429CC}.Release|iPhone.ActiveCfg = Release|Any CPU
		{04094724-268A-4523-8B42-58E4618429CC}.Release|iPhone.Build.0 = Release|Any CPU
		{04094724-268A-4523-8B42-58E4618429CC}.Release|iPhoneSimulator.ActiveCfg = Release|Any CPU
		{04094724-268A-4523-8B42-58E4618429CC}.Release|iPhoneSimulator.Build.0 = Release|Any CPU
		{B38F2B72-7684-4567-A0A7-161934539CC5}.Debug|Any CPU.ActiveCfg = Debug|Any CPU
		{B38F2B72-7684-4567-A0A7-161934539CC5}.Debug|Any CPU.Build.0 = Debug|Any CPU
		{B38F2B72-7684-4567-A0A7-161934539CC5}.Debug|iPhone.ActiveCfg = Debug|Any CPU
		{B38F2B72-7684-4567-A0A7-161934539CC5}.Debug|iPhone.Build.0 = Debug|Any CPU
		{B38F2B72-7684-4567-A0A7-161934539CC5}.Debug|iPhoneSimulator.ActiveCfg = Debug|Any CPU
		{B38F2B72-7684-4567-A0A7-161934539CC5}.Debug|iPhoneSimulator.Build.0 = Debug|Any CPU
		{B38F2B72-7684-4567-A0A7-161934539CC5}.Release|Any CPU.ActiveCfg = Release|Any CPU
		{B38F2B72-7684-4567-A0A7-161934539CC5}.Release|Any CPU.Build.0 = Release|Any CPU
		{B38F2B72-7684-4567-A0A7-161934539CC5}.Release|iPhone.ActiveCfg = Release|Any CPU
		{B38F2B72-7684-4567-A0A7-161934539CC5}.Release|iPhone.Build.0 = Release|Any CPU
		{B38F2B72-7684-4567-A0A7-161934539CC5}.Release|iPhoneSimulator.ActiveCfg = Release|Any CPU
		{B38F2B72-7684-4567-A0A7-161934539CC5}.Release|iPhoneSimulator.Build.0 = Release|Any CPU
		{5AAB946D-0B25-4CCE-9800-10B6EE6BF39A}.Debug|Any CPU.ActiveCfg = Debug|Any CPU
		{5AAB946D-0B25-4CCE-9800-10B6EE6BF39A}.Debug|Any CPU.Build.0 = Debug|Any CPU
		{5AAB946D-0B25-4CCE-9800-10B6EE6BF39A}.Debug|iPhone.ActiveCfg = Debug|Any CPU
		{5AAB946D-0B25-4CCE-9800-10B6EE6BF39A}.Debug|iPhone.Build.0 = Debug|Any CPU
		{5AAB946D-0B25-4CCE-9800-10B6EE6BF39A}.Debug|iPhoneSimulator.ActiveCfg = Debug|Any CPU
		{5AAB946D-0B25-4CCE-9800-10B6EE6BF39A}.Debug|iPhoneSimulator.Build.0 = Debug|Any CPU
		{5AAB946D-0B25-4CCE-9800-10B6EE6BF39A}.Release|Any CPU.ActiveCfg = Release|Any CPU
		{5AAB946D-0B25-4CCE-9800-10B6EE6BF39A}.Release|Any CPU.Build.0 = Release|Any CPU
		{5AAB946D-0B25-4CCE-9800-10B6EE6BF39A}.Release|iPhone.ActiveCfg = Release|Any CPU
		{5AAB946D-0B25-4CCE-9800-10B6EE6BF39A}.Release|iPhone.Build.0 = Release|Any CPU
		{5AAB946D-0B25-4CCE-9800-10B6EE6BF39A}.Release|iPhoneSimulator.ActiveCfg = Release|Any CPU
		{5AAB946D-0B25-4CCE-9800-10B6EE6BF39A}.Release|iPhoneSimulator.Build.0 = Release|Any CPU
		{948E8502-C0A5-46B5-A79A-34189593B8F7}.Debug|Any CPU.ActiveCfg = Debug|Any CPU
		{948E8502-C0A5-46B5-A79A-34189593B8F7}.Debug|Any CPU.Build.0 = Debug|Any CPU
		{948E8502-C0A5-46B5-A79A-34189593B8F7}.Debug|iPhone.ActiveCfg = Debug|Any CPU
		{948E8502-C0A5-46B5-A79A-34189593B8F7}.Debug|iPhone.Build.0 = Debug|Any CPU
		{948E8502-C0A5-46B5-A79A-34189593B8F7}.Debug|iPhoneSimulator.ActiveCfg = Debug|Any CPU
		{948E8502-C0A5-46B5-A79A-34189593B8F7}.Debug|iPhoneSimulator.Build.0 = Debug|Any CPU
		{948E8502-C0A5-46B5-A79A-34189593B8F7}.Release|Any CPU.ActiveCfg = Release|Any CPU
		{948E8502-C0A5-46B5-A79A-34189593B8F7}.Release|Any CPU.Build.0 = Release|Any CPU
		{948E8502-C0A5-46B5-A79A-34189593B8F7}.Release|iPhone.ActiveCfg = Release|Any CPU
		{948E8502-C0A5-46B5-A79A-34189593B8F7}.Release|iPhone.Build.0 = Release|Any CPU
		{948E8502-C0A5-46B5-A79A-34189593B8F7}.Release|iPhoneSimulator.ActiveCfg = Release|Any CPU
		{948E8502-C0A5-46B5-A79A-34189593B8F7}.Release|iPhoneSimulator.Build.0 = Release|Any CPU
		{7D427226-394A-4454-BCED-24DBC73785EB}.Debug|Any CPU.ActiveCfg = Debug|Any CPU
		{7D427226-394A-4454-BCED-24DBC73785EB}.Debug|Any CPU.Build.0 = Debug|Any CPU
		{7D427226-394A-4454-BCED-24DBC73785EB}.Debug|iPhone.ActiveCfg = Debug|Any CPU
		{7D427226-394A-4454-BCED-24DBC73785EB}.Debug|iPhone.Build.0 = Debug|Any CPU
		{7D427226-394A-4454-BCED-24DBC73785EB}.Debug|iPhoneSimulator.ActiveCfg = Debug|Any CPU
		{7D427226-394A-4454-BCED-24DBC73785EB}.Debug|iPhoneSimulator.Build.0 = Debug|Any CPU
		{7D427226-394A-4454-BCED-24DBC73785EB}.Release|Any CPU.ActiveCfg = Release|Any CPU
		{7D427226-394A-4454-BCED-24DBC73785EB}.Release|Any CPU.Build.0 = Release|Any CPU
		{7D427226-394A-4454-BCED-24DBC73785EB}.Release|iPhone.ActiveCfg = Release|Any CPU
		{7D427226-394A-4454-BCED-24DBC73785EB}.Release|iPhone.Build.0 = Release|Any CPU
		{7D427226-394A-4454-BCED-24DBC73785EB}.Release|iPhoneSimulator.ActiveCfg = Release|Any CPU
		{7D427226-394A-4454-BCED-24DBC73785EB}.Release|iPhoneSimulator.Build.0 = Release|Any CPU
		{C0580BBC-58D9-4AB4-99AC-7952065CE027}.Debug|Any CPU.ActiveCfg = Debug|Any CPU
		{C0580BBC-58D9-4AB4-99AC-7952065CE027}.Debug|Any CPU.Build.0 = Debug|Any CPU
		{C0580BBC-58D9-4AB4-99AC-7952065CE027}.Debug|iPhone.ActiveCfg = Debug|Any CPU
		{C0580BBC-58D9-4AB4-99AC-7952065CE027}.Debug|iPhone.Build.0 = Debug|Any CPU
		{C0580BBC-58D9-4AB4-99AC-7952065CE027}.Debug|iPhoneSimulator.ActiveCfg = Debug|Any CPU
		{C0580BBC-58D9-4AB4-99AC-7952065CE027}.Debug|iPhoneSimulator.Build.0 = Debug|Any CPU
		{C0580BBC-58D9-4AB4-99AC-7952065CE027}.Release|Any CPU.ActiveCfg = Release|Any CPU
		{C0580BBC-58D9-4AB4-99AC-7952065CE027}.Release|Any CPU.Build.0 = Release|Any CPU
		{C0580BBC-58D9-4AB4-99AC-7952065CE027}.Release|iPhone.ActiveCfg = Release|Any CPU
		{C0580BBC-58D9-4AB4-99AC-7952065CE027}.Release|iPhone.Build.0 = Release|Any CPU
		{C0580BBC-58D9-4AB4-99AC-7952065CE027}.Release|iPhoneSimulator.ActiveCfg = Release|Any CPU
		{C0580BBC-58D9-4AB4-99AC-7952065CE027}.Release|iPhoneSimulator.Build.0 = Release|Any CPU
		{88CA77F1-88E7-468E-80A5-B77138F78894}.Debug|Any CPU.ActiveCfg = Debug|Any CPU
		{88CA77F1-88E7-468E-80A5-B77138F78894}.Debug|Any CPU.Build.0 = Debug|Any CPU
		{88CA77F1-88E7-468E-80A5-B77138F78894}.Debug|iPhone.ActiveCfg = Debug|Any CPU
		{88CA77F1-88E7-468E-80A5-B77138F78894}.Debug|iPhone.Build.0 = Debug|Any CPU
		{88CA77F1-88E7-468E-80A5-B77138F78894}.Debug|iPhoneSimulator.ActiveCfg = Debug|Any CPU
		{88CA77F1-88E7-468E-80A5-B77138F78894}.Debug|iPhoneSimulator.Build.0 = Debug|Any CPU
		{88CA77F1-88E7-468E-80A5-B77138F78894}.Release|Any CPU.ActiveCfg = Release|Any CPU
		{88CA77F1-88E7-468E-80A5-B77138F78894}.Release|Any CPU.Build.0 = Release|Any CPU
		{88CA77F1-88E7-468E-80A5-B77138F78894}.Release|iPhone.ActiveCfg = Release|Any CPU
		{88CA77F1-88E7-468E-80A5-B77138F78894}.Release|iPhone.Build.0 = Release|Any CPU
		{88CA77F1-88E7-468E-80A5-B77138F78894}.Release|iPhoneSimulator.ActiveCfg = Release|Any CPU
		{88CA77F1-88E7-468E-80A5-B77138F78894}.Release|iPhoneSimulator.Build.0 = Release|Any CPU
	EndGlobalSection
	GlobalSection(SolutionProperties) = preSolution
		HideSolutionNode = FALSE
	EndGlobalSection
	GlobalSection(NestedProjects) = preSolution
		{850E8208-E369-4F93-8A80-8227C5605A6E} = {89CCA875-00B4-4617-8BAA-E3C2406136E8}
		{EC150EB1-22A9-4180-8CE0-663EF722411B} = {89CCA875-00B4-4617-8BAA-E3C2406136E8}
		{761496B9-0D95-44D7-BE39-C30C0AECED4E} = {9F877BDD-8567-45D6-9402-1DF6C1C9E7EA}
		{CD17BDA4-6ACA-49BD-8188-59DF8B0BAD85} = {9F877BDD-8567-45D6-9402-1DF6C1C9E7EA}
		{60D4F3AB-B1CD-490B-89C7-8AD6005F7CAC} = {9F877BDD-8567-45D6-9402-1DF6C1C9E7EA}
		{ACEF15C8-0661-47EA-88A2-60A5FCF461ED} = {A2277D4F-BE1C-4072-B9C6-B3F688CAF8E3}
		{1E248F2E-96BA-4413-A542-EAA87F54B098} = {A2277D4F-BE1C-4072-B9C6-B3F688CAF8E3}
		{A0A229A1-C9E2-45F5-AF99-EECFF0EFD853} = {A2277D4F-BE1C-4072-B9C6-B3F688CAF8E3}
		{72F34E44-53A4-42B9-B0CE-EEE673CCD06E} = {2D7DD6BC-8408-4E4A-B16A-0E386A5D2C66}
		{DB9A63CA-2850-4E8D-978F-9313BE50E4FC} = {2D7DD6BC-8408-4E4A-B16A-0E386A5D2C66}
		{04094724-268A-4523-8B42-58E4618429CC} = {EAB040D3-881E-459E-A97D-8D10B899FD7F}
		{B38F2B72-7684-4567-A0A7-161934539CC5} = {EAB040D3-881E-459E-A97D-8D10B899FD7F}
		{5AAB946D-0B25-4CCE-9800-10B6EE6BF39A} = {EAB040D3-881E-459E-A97D-8D10B899FD7F}
		{948E8502-C0A5-46B5-A79A-34189593B8F7} = {EAB040D3-881E-459E-A97D-8D10B899FD7F}
		{7D427226-394A-4454-BCED-24DBC73785EB} = {EAB040D3-881E-459E-A97D-8D10B899FD7F}
		{C0580BBC-58D9-4AB4-99AC-7952065CE027} = {EAB040D3-881E-459E-A97D-8D10B899FD7F}
	EndGlobalSection
	GlobalSection(ExtensibilityGlobals) = postSolution
		SolutionGuid = {D9965151-C57E-4D9D-B9F8-F946FBBC746A}
	EndGlobalSection
EndGlobal
