
Microsoft Visual Studio Solution File, Format Version 12.00
# Visual Studio Version 16
VisualStudioVersion = 16.0.30717.126
MinimumVisualStudioVersion = 10.0.40219.1
Project("{FAE04EC0-301F-11D3-BF4B-00C04F79EFBC}") = "FilmsDBCWpf", "FilmsDBCWpf\FilmsDBCWpf.csproj", "{429535D8-4BD9-4674-9178-A7635512CE4F}"
EndProject
Global
	GlobalSection(SolutionConfigurationPlatforms) = preSolution
		Debug|Any CPU = Debug|Any CPU
		Release|Any CPU = Release|Any CPU
	EndGlobalSection
	GlobalSection(ProjectConfigurationPlatforms) = postSolution
		{429535D8-4BD9-4674-9178-A7635512CE4F}.Debug|Any CPU.ActiveCfg = Debug|Any CPU
		{429535D8-4BD9-4674-9178-A7635512CE4F}.Debug|Any CPU.Build.0 = Debug|Any CPU
		{429535D8-4BD9-4674-9178-A7635512CE4F}.Release|Any CPU.ActiveCfg = Release|Any CPU
		{429535D8-4BD9-4674-9178-A7635512CE4F}.Release|Any CPU.Build.0 = Release|Any CPU
	EndGlobalSection
	GlobalSection(SolutionProperties) = preSolution
		HideSolutionNode = FALSE
	EndGlobalSection
	GlobalSection(ExtensibilityGlobals) = postSolution
		SolutionGuid = {D9965151-C57E-4D9D-B9F8-F946FBBC746A}
	EndGlobalSection
EndGlobal
