
Microsoft Visual Studio Solution File, Format Version 12.00
# Visual Studio Version 17
VisualStudioVersion = 17.3.32804.467
MinimumVisualStudioVersion = 10.0.40219.1
Project("{2150E333-8FDC-42A3-9474-1A3956D46DE8}") = "TL_Realization", "TL_Realization", "{89CCA875-00B4-4617-8BAA-E3C2406136E8}"
EndProject
Project("{9A19103F-16F7-4668-BE54-9A1E7A4F7556}") = "TL_Objects", "TL_Realization\TL_Objects\TL_Objects.csproj", "{850E8208-E369-4F93-8A80-8227C5605A6E}"
EndProject
Project("{9A19103F-16F7-4668-BE54-9A1E7A4F7556}") = "TL_Tables", "TL_Realization\TL_Tables\TL_Tables.csproj", "{EC150EB1-22A9-4180-8CE0-663EF722411B}"
EndProject
Project("{9A19103F-16F7-4668-BE54-9A1E7A4F7556}") = "FilmsDBC", "FilmsDBC\FilmsDBC.csproj", "{C476B542-39FC-4E28-8431-5987CF9A0506}"
EndProject
Project("{9A19103F-16F7-4668-BE54-9A1E7A4F7556}") = "FilmsDBC.Wpf", "FilmsDBC.Wpf\FilmsDBC.Wpf.csproj", "{BB9528E2-8D10-4010-B115-D0EF5CD0F9EA}"
EndProject
Global
	GlobalSection(SolutionConfigurationPlatforms) = preSolution
		Debug|Any CPU = Debug|Any CPU
		Debug|iPhone = Debug|iPhone
		Debug|iPhoneSimulator = Debug|iPhoneSimulator
		Release|Any CPU = Release|Any CPU
		Release|iPhone = Release|iPhone
		Release|iPhoneSimulator = Release|iPhoneSimulator
	EndGlobalSection
	GlobalSection(ProjectConfigurationPlatforms) = postSolution
		{850E8208-E369-4F93-8A80-8227C5605A6E}.Debug|Any CPU.ActiveCfg = Debug|Any CPU
		{850E8208-E369-4F93-8A80-8227C5605A6E}.Debug|Any CPU.Build.0 = Debug|Any CPU
		{850E8208-E369-4F93-8A80-8227C5605A6E}.Debug|iPhone.ActiveCfg = Debug|Any CPU
		{850E8208-E369-4F93-8A80-8227C5605A6E}.Debug|iPhone.Build.0 = Debug|Any CPU
		{850E8208-E369-4F93-8A80-8227C5605A6E}.Debug|iPhoneSimulator.ActiveCfg = Debug|Any CPU
		{850E8208-E369-4F93-8A80-8227C5605A6E}.Debug|iPhoneSimulator.Build.0 = Debug|Any CPU
		{850E8208-E369-4F93-8A80-8227C5605A6E}.Release|Any CPU.ActiveCfg = Release|Any CPU
		{850E8208-E369-4F93-8A80-8227C5605A6E}.Release|Any CPU.Build.0 = Release|Any CPU
		{850E8208-E369-4F93-8A80-8227C5605A6E}.Release|iPhone.ActiveCfg = Release|Any CPU
		{850E8208-E369-4F93-8A80-8227C5605A6E}.Release|iPhone.Build.0 = Release|Any CPU
		{850E8208-E369-4F93-8A80-8227C5605A6E}.Release|iPhoneSimulator.ActiveCfg = Release|Any CPU
		{850E8208-E369-4F93-8A80-8227C5605A6E}.Release|iPhoneSimulator.Build.0 = Release|Any CPU
		{EC150EB1-22A9-4180-8CE0-663EF722411B}.Debug|Any CPU.ActiveCfg = Debug|Any CPU
		{EC150EB1-22A9-4180-8CE0-663EF722411B}.Debug|Any CPU.Build.0 = Debug|Any CPU
		{EC150EB1-22A9-4180-8CE0-663EF722411B}.Debug|iPhone.ActiveCfg = Debug|Any CPU
		{EC150EB1-22A9-4180-8CE0-663EF722411B}.Debug|iPhone.Build.0 = Debug|Any CPU
		{EC150EB1-22A9-4180-8CE0-663EF722411B}.Debug|iPhoneSimulator.ActiveCfg = Debug|Any CPU
		{EC150EB1-22A9-4180-8CE0-663EF722411B}.Debug|iPhoneSimulator.Build.0 = Debug|Any CPU
		{EC150EB1-22A9-4180-8CE0-663EF722411B}.Release|Any CPU.ActiveCfg = Release|Any CPU
		{EC150EB1-22A9-4180-8CE0-663EF722411B}.Release|Any CPU.Build.0 = Release|Any CPU
		{EC150EB1-22A9-4180-8CE0-663EF722411B}.Release|iPhone.ActiveCfg = Release|Any CPU
		{EC150EB1-22A9-4180-8CE0-663EF722411B}.Release|iPhone.Build.0 = Release|Any CPU
		{EC150EB1-22A9-4180-8CE0-663EF722411B}.Release|iPhoneSimulator.ActiveCfg = Release|Any CPU
		{EC150EB1-22A9-4180-8CE0-663EF722411B}.Release|iPhoneSimulator.Build.0 = Release|Any CPU
		{C476B542-39FC-4E28-8431-5987CF9A0506}.Debug|Any CPU.ActiveCfg = Debug|Any CPU
		{C476B542-39FC-4E28-8431-5987CF9A0506}.Debug|Any CPU.Build.0 = Debug|Any CPU
		{C476B542-39FC-4E28-8431-5987CF9A0506}.Debug|iPhone.ActiveCfg = Debug|Any CPU
		{C476B542-39FC-4E28-8431-5987CF9A0506}.Debug|iPhone.Build.0 = Debug|Any CPU
		{C476B542-39FC-4E28-8431-5987CF9A0506}.Debug|iPhoneSimulator.ActiveCfg = Debug|Any CPU
		{C476B542-39FC-4E28-8431-5987CF9A0506}.Debug|iPhoneSimulator.Build.0 = Debug|Any CPU
		{C476B542-39FC-4E28-8431-5987CF9A0506}.Release|Any CPU.ActiveCfg = Release|Any CPU
		{C476B542-39FC-4E28-8431-5987CF9A0506}.Release|Any CPU.Build.0 = Release|Any CPU
		{C476B542-39FC-4E28-8431-5987CF9A0506}.Release|iPhone.ActiveCfg = Release|Any CPU
		{C476B542-39FC-4E28-8431-5987CF9A0506}.Release|iPhone.Build.0 = Release|Any CPU
		{C476B542-39FC-4E28-8431-5987CF9A0506}.Release|iPhoneSimulator.ActiveCfg = Release|Any CPU
		{C476B542-39FC-4E28-8431-5987CF9A0506}.Release|iPhoneSimulator.Build.0 = Release|Any CPU
		{BB9528E2-8D10-4010-B115-D0EF5CD0F9EA}.Debug|Any CPU.ActiveCfg = Debug|Any CPU
		{BB9528E2-8D10-4010-B115-D0EF5CD0F9EA}.Debug|Any CPU.Build.0 = Debug|Any CPU
		{BB9528E2-8D10-4010-B115-D0EF5CD0F9EA}.Debug|iPhone.ActiveCfg = Debug|Any CPU
		{BB9528E2-8D10-4010-B115-D0EF5CD0F9EA}.Debug|iPhone.Build.0 = Debug|Any CPU
		{BB9528E2-8D10-4010-B115-D0EF5CD0F9EA}.Debug|iPhoneSimulator.ActiveCfg = Debug|Any CPU
		{BB9528E2-8D10-4010-B115-D0EF5CD0F9EA}.Debug|iPhoneSimulator.Build.0 = Debug|Any CPU
		{BB9528E2-8D10-4010-B115-D0EF5CD0F9EA}.Release|Any CPU.ActiveCfg = Release|Any CPU
		{BB9528E2-8D10-4010-B115-D0EF5CD0F9EA}.Release|Any CPU.Build.0 = Release|Any CPU
		{BB9528E2-8D10-4010-B115-D0EF5CD0F9EA}.Release|iPhone.ActiveCfg = Release|Any CPU
		{BB9528E2-8D10-4010-B115-D0EF5CD0F9EA}.Release|iPhone.Build.0 = Release|Any CPU
		{BB9528E2-8D10-4010-B115-D0EF5CD0F9EA}.Release|iPhoneSimulator.ActiveCfg = Release|Any CPU
		{BB9528E2-8D10-4010-B115-D0EF5CD0F9EA}.Release|iPhoneSimulator.Build.0 = Release|Any CPU
	EndGlobalSection
	GlobalSection(SolutionProperties) = preSolution
		HideSolutionNode = FALSE
	EndGlobalSection
	GlobalSection(NestedProjects) = preSolution
		{850E8208-E369-4F93-8A80-8227C5605A6E} = {89CCA875-00B4-4617-8BAA-E3C2406136E8}
		{EC150EB1-22A9-4180-8CE0-663EF722411B} = {89CCA875-00B4-4617-8BAA-E3C2406136E8}
	EndGlobalSection
	GlobalSection(ExtensibilityGlobals) = postSolution
		SolutionGuid = {D9965151-C57E-4D9D-B9F8-F946FBBC746A}
	EndGlobalSection
EndGlobal
